
Microsoft Visual Studio Solution File, Format Version 12.00
# Visual Studio Version 17
VisualStudioVersion = 17.5.001.0
MinimumVisualStudioVersion = 10.0.40219.1
Project("{9A19103F-16F7-4668-BE54-9A1E7A4F7556}") = "Todo-Backend", "Todo-Backend.csproj", "{6991CE6C-D4F3-4895-9F7A-3DF463B35A81}"
EndProject
Global
	GlobalSection(SolutionConfigurationPlatforms) = preSolution
		Debug|Any CPU = Debug|Any CPU
		Release|Any CPU = Release|Any CPU
	EndGlobalSection
	GlobalSection(ProjectConfigurationPlatforms) = postSolution
		{6991CE6C-D4F3-4895-9F7A-3DF463B35A81}.Debug|Any CPU.ActiveCfg = Debug|Any CPU
		{6991CE6C-D4F3-4895-9F7A-3DF463B35A81}.Debug|Any CPU.Build.0 = Debug|Any CPU
		{6991CE6C-D4F3-4895-9F7A-3DF463B35A81}.Release|Any CPU.ActiveCfg = Release|Any CPU
		{6991CE6C-D4F3-4895-9F7A-3DF463B35A81}.Release|Any CPU.Build.0 = Release|Any CPU
	EndGlobalSection
	GlobalSection(SolutionProperties) = preSolution
		HideSolutionNode = FALSE
	EndGlobalSection
	GlobalSection(ExtensibilityGlobals) = postSolution
		SolutionGuid = {AA1623D6-8D25-48DD-A939-945743F6AD33}
	EndGlobalSection
EndGlobal
